
Microsoft Visual Studio Solution File, Format Version 12.00
# Visual Studio Version 17
VisualStudioVersion = 17.14.36518.9
MinimumVisualStudioVersion = 10.0.40219.1
Project("{FAE04EC0-301F-11D3-BF4B-00C04F79EFBC}") = "Learning the ropes again", "Learning the ropes again\Learning the ropes again.csproj", "{090045DD-DB35-4517-AFC1-32C5455D33B8}"
EndProject
Project("{FAE04EC0-301F-11D3-BF4B-00C04F79EFBC}") = "AV3", "AV3\AV3.csproj", "{6881F1AB-2460-47A4-9BB6-5EE48C1E47FB}"
EndProject
Global
	GlobalSection(SolutionConfigurationPlatforms) = preSolution
		Debug|Any CPU = Debug|Any CPU
		Release|Any CPU = Release|Any CPU
	EndGlobalSection
	GlobalSection(ProjectConfigurationPlatforms) = postSolution
		{090045DD-DB35-4517-AFC1-32C5455D33B8}.Debug|Any CPU.ActiveCfg = Debug|Any CPU
		{090045DD-DB35-4517-AFC1-32C5455D33B8}.Debug|Any CPU.Build.0 = Debug|Any CPU
		{090045DD-DB35-4517-AFC1-32C5455D33B8}.Release|Any CPU.ActiveCfg = Release|Any CPU
		{090045DD-DB35-4517-AFC1-32C5455D33B8}.Release|Any CPU.Build.0 = Release|Any CPU
		{6881F1AB-2460-47A4-9BB6-5EE48C1E47FB}.Debug|Any CPU.ActiveCfg = Debug|Any CPU
		{6881F1AB-2460-47A4-9BB6-5EE48C1E47FB}.Debug|Any CPU.Build.0 = Debug|Any CPU
		{6881F1AB-2460-47A4-9BB6-5EE48C1E47FB}.Release|Any CPU.ActiveCfg = Release|Any CPU
		{6881F1AB-2460-47A4-9BB6-5EE48C1E47FB}.Release|Any CPU.Build.0 = Release|Any CPU
	EndGlobalSection
	GlobalSection(SolutionProperties) = preSolution
		HideSolutionNode = FALSE
	EndGlobalSection
	GlobalSection(ExtensibilityGlobals) = postSolution
		SolutionGuid = {ADFCE9AD-00D0-4A83-BE92-80F7BC397320}
	EndGlobalSection
EndGlobal
